
Microsoft Visual Studio Solution File, Format Version 12.00
# Visual Studio 15
VisualStudioVersion = 15.0.28307.489
MinimumVisualStudioVersion = 10.0.40219.1
Project("{FAE04EC0-301F-11D3-BF4B-00C04F79EFBC}") = "ASPCoreAPI", "ASPCoreAPI\ASPCoreAPI.csproj", "{66C0487A-BCB4-4EEF-A2B6-073F9708DF8F}"
EndProject
Global
	GlobalSection(SolutionConfigurationPlatforms) = preSolution
		Debug|Any CPU = Debug|Any CPU
		Release|Any CPU = Release|Any CPU
	EndGlobalSection
	GlobalSection(ProjectConfigurationPlatforms) = postSolution
		{66C0487A-BCB4-4EEF-A2B6-073F9708DF8F}.Debug|Any CPU.ActiveCfg = Debug|Any CPU
		{66C0487A-BCB4-4EEF-A2B6-073F9708DF8F}.Debug|Any CPU.Build.0 = Debug|Any CPU
		{66C0487A-BCB4-4EEF-A2B6-073F9708DF8F}.Release|Any CPU.ActiveCfg = Release|Any CPU
		{66C0487A-BCB4-4EEF-A2B6-073F9708DF8F}.Release|Any CPU.Build.0 = Release|Any CPU
	EndGlobalSection
	GlobalSection(SolutionProperties) = preSolution
		HideSolutionNode = FALSE
	EndGlobalSection
	GlobalSection(ExtensibilityGlobals) = postSolution
		SolutionGuid = {8039C3F2-07FB-4AFA-A4A2-D59A8CCDA5BC}
	EndGlobalSection
EndGlobal
